Microsoft Visual Studio Solution File, Format Version 12.00
# Visual Studio Version 17
VisualStudioVersion = 17.5.2.0
MinimumVisualStudioVersion = 10.0.40219.1
Project("{FAE04EC0-301F-11D3-BF4B-00C04F79EFBC}") = "HKnetMvcApp", "HKnetMvcApp.csproj", "{951CD954-1241-030F-B121-BAF17C63C405}"
EndProject
Global
	GlobalSection(SolutionConfigurationPlatforms) = preSolution
		Debug|Any CPU = Debug|Any CPU
		Release|Any CPU = Release|Any CPU
	EndGlobalSection
	GlobalSection(ProjectConfigurationPlatforms) = postSolution
		{951CD954-1241-030F-B121-BAF17C63C405}.Debug|Any CPU.ActiveCfg = Debug|Any CPU
		{951CD954-1241-030F-B121-BAF17C63C405}.Debug|Any CPU.Build.0 = Debug|Any CPU
		{951CD954-1241-030F-B121-BAF17C63C405}.Release|Any CPU.ActiveCfg = Release|Any CPU
		{951CD954-1241-030F-B121-BAF17C63C405}.Release|Any CPU.Build.0 = Release|Any CPU
	EndGlobalSection
	GlobalSection(SolutionProperties) = preSolution
		HideSolutionNode = FALSE
	EndGlobalSection
	GlobalSection(ExtensibilityGlobals) = postSolution
		SolutionGuid = {F6192172-DCF4-4ABE-87A4-FD0A34DEFA3E}
	EndGlobalSection
EndGlobal
